
Microsoft Visual Studio Solution File, Format Version 12.00
# Visual Studio 2017
Project("{FAE04EC0-301F-11D3-BF4B-00C04F79EFBC}") = "hmojgoFlarpychomms", "hmojgoFlarpychomms.csproj", "{3405240F-EC6C-C5E3-1CC5-9580F1540A26}"
EndProject
Project("{FAE04EC0-301F-11D3-BF4B-00C04F79EFBC}") = "hmojgoFlarpychomms.Editor", "hmojgoFlarpychomms.Editor.csproj", "{A386C8DD-C8D8-5FEB-6056-135CAE4EFAA6}"
EndProject
Global
	GlobalSection(SolutionConfigurationPlatforms) = preSolution
		Debug|Any CPU = Debug|Any CPU
		Release|Any CPU = Release|Any CPU
	EndGlobalSection
	GlobalSection(ProjectConfigurationPlatforms) = postSolution
		{3405240F-EC6C-C5E3-1CC5-9580F1540A26}.Debug|Any CPU.ActiveCfg = Debug|Any CPU
		{3405240F-EC6C-C5E3-1CC5-9580F1540A26}.Debug|Any CPU.Build.0 = Debug|Any CPU
		{3405240F-EC6C-C5E3-1CC5-9580F1540A26}.Release|Any CPU.ActiveCfg = Release|Any CPU
		{3405240F-EC6C-C5E3-1CC5-9580F1540A26}.Release|Any CPU.Build.0 = Release|Any CPU
		{A386C8DD-C8D8-5FEB-6056-135CAE4EFAA6}.Debug|Any CPU.ActiveCfg = Debug|Any CPU
		{A386C8DD-C8D8-5FEB-6056-135CAE4EFAA6}.Debug|Any CPU.Build.0 = Debug|Any CPU
		{A386C8DD-C8D8-5FEB-6056-135CAE4EFAA6}.Release|Any CPU.ActiveCfg = Release|Any CPU
		{A386C8DD-C8D8-5FEB-6056-135CAE4EFAA6}.Release|Any CPU.Build.0 = Release|Any CPU
	EndGlobalSection
	GlobalSection(SolutionProperties) = preSolution
		HideSolutionNode = FALSE
	EndGlobalSection
EndGlobal
